# This file is automatically @generated by Poetry 1.8.2 and should not be changed by hand.

[[package]]
name = "pyeasyflow"
version = "0.1.0"
description = ""
optional = false
python-versions = ">=3.8"
files = []
develop = false

[package.source]
type = "directory"
url = "../.."

[metadata]
lock-version = "2.0"
python-versions = ">=3.8"
content-hash = "d2e76619556dffc066a3eb66b4411c13c9a811629947ea63751a39dcfc88d774"
